
Microsoft Visual Studio Solution File, Format Version 12.00
# Visual Studio Version 17
VisualStudioVersion = 17.11.35327.3
MinimumVisualStudioVersion = 10.0.40219.1
Project("{FAE04EC0-301F-11D3-BF4B-00C04F79EFBC}") = "DAM_Upload", "DAM_Upload\DAM_Upload.csproj", "{AF297F43-4B58-4FE8-88BF-1CCEE8C96408}"
EndProject
Global
	GlobalSection(SolutionConfigurationPlatforms) = preSolution
		Debug|Any CPU = Debug|Any CPU
		Release|Any CPU = Release|Any CPU
	EndGlobalSection
	GlobalSection(ProjectConfigurationPlatforms) = postSolution
		{AF297F43-4B58-4FE8-88BF-1CCEE8C96408}.Debug|Any CPU.ActiveCfg = Debug|Any CPU
		{AF297F43-4B58-4FE8-88BF-1CCEE8C96408}.Debug|Any CPU.Build.0 = Debug|Any CPU
		{AF297F43-4B58-4FE8-88BF-1CCEE8C96408}.Release|Any CPU.ActiveCfg = Release|Any CPU
		{AF297F43-4B58-4FE8-88BF-1CCEE8C96408}.Release|Any CPU.Build.0 = Release|Any CPU
	EndGlobalSection
	GlobalSection(SolutionProperties) = preSolution
		HideSolutionNode = FALSE
	EndGlobalSection
	GlobalSection(ExtensibilityGlobals) = postSolution
		SolutionGuid = {D1D7BEF6-6B9A-41B3-8E8C-25525BB80861}
	EndGlobalSection
EndGlobal
